
Microsoft Visual Studio Solution File, Format Version 12.00
# Visual Studio Version 17
VisualStudioVersion = 17.0.31903.59
MinimumVisualStudioVersion = 10.0.40219.1
Project("{FAE04EC0-301F-11D3-BF4B-00C04F79EFBC}") = "Server", "Hub\Server.csproj", "{666E748A-C554-472D-8E11-8CE07B6CFCE4}"
EndProject
Project("{FAE04EC0-301F-11D3-BF4B-00C04F79EFBC}") = "GameEngine", "GameEngine\GameEngine.csproj", "{D3596688-F6B1-4000-90A6-ADC4D4B1DC37}"
EndProject
Project("{FAE04EC0-301F-11D3-BF4B-00C04F79EFBC}") = "Server.Tests", "Server.Tests\Server.Tests.csproj", "{818DC808-3506-472B-A0B7-96A6F0991E13}"
EndProject
Project("{FAE04EC0-301F-11D3-BF4B-00C04F79EFBC}") = "GameEngine.Test", "GameEngine.Test\GameEngine.Test.csproj", "{DC906638-A863-4AA3-812D-7734AC93D771}"
EndProject
Global
	GlobalSection(SolutionConfigurationPlatforms) = preSolution
		Debug|Any CPU = Debug|Any CPU
		Release|Any CPU = Release|Any CPU
	EndGlobalSection
	GlobalSection(ProjectConfigurationPlatforms) = postSolution
		{666E748A-C554-472D-8E11-8CE07B6CFCE4}.Debug|Any CPU.ActiveCfg = Debug|Any CPU
		{666E748A-C554-472D-8E11-8CE07B6CFCE4}.Debug|Any CPU.Build.0 = Debug|Any CPU
		{666E748A-C554-472D-8E11-8CE07B6CFCE4}.Release|Any CPU.ActiveCfg = Release|Any CPU
		{666E748A-C554-472D-8E11-8CE07B6CFCE4}.Release|Any CPU.Build.0 = Release|Any CPU
		{D3596688-F6B1-4000-90A6-ADC4D4B1DC37}.Debug|Any CPU.ActiveCfg = Debug|Any CPU
		{D3596688-F6B1-4000-90A6-ADC4D4B1DC37}.Debug|Any CPU.Build.0 = Debug|Any CPU
		{D3596688-F6B1-4000-90A6-ADC4D4B1DC37}.Release|Any CPU.ActiveCfg = Release|Any CPU
		{D3596688-F6B1-4000-90A6-ADC4D4B1DC37}.Release|Any CPU.Build.0 = Release|Any CPU
		{818DC808-3506-472B-A0B7-96A6F0991E13}.Debug|Any CPU.ActiveCfg = Debug|Any CPU
		{818DC808-3506-472B-A0B7-96A6F0991E13}.Debug|Any CPU.Build.0 = Debug|Any CPU
		{818DC808-3506-472B-A0B7-96A6F0991E13}.Release|Any CPU.ActiveCfg = Release|Any CPU
		{818DC808-3506-472B-A0B7-96A6F0991E13}.Release|Any CPU.Build.0 = Release|Any CPU
		{DC906638-A863-4AA3-812D-7734AC93D771}.Debug|Any CPU.ActiveCfg = Debug|Any CPU
		{DC906638-A863-4AA3-812D-7734AC93D771}.Debug|Any CPU.Build.0 = Debug|Any CPU
		{DC906638-A863-4AA3-812D-7734AC93D771}.Release|Any CPU.ActiveCfg = Release|Any CPU
		{DC906638-A863-4AA3-812D-7734AC93D771}.Release|Any CPU.Build.0 = Release|Any CPU
	EndGlobalSection
	GlobalSection(SolutionProperties) = preSolution
		HideSolutionNode = FALSE
	EndGlobalSection
EndGlobal
